
Microsoft Visual Studio Solution File, Format Version 12.00
# Visual Studio Version 17
VisualStudioVersion = 17.11.35327.3
MinimumVisualStudioVersion = 10.0.40219.1
Project("{FAE04EC0-301F-11D3-BF4B-00C04F79EFBC}") = "AracKiralama", "AracKiralama\AracKiralama.csproj", "{D2941638-A620-4B00-BCF6-74E4721D9420}"
EndProject
Global
	GlobalSection(SolutionConfigurationPlatforms) = preSolution
		Debug|Any CPU = Debug|Any CPU
		Release|Any CPU = Release|Any CPU
	EndGlobalSection
	GlobalSection(ProjectConfigurationPlatforms) = postSolution
		{D2941638-A620-4B00-BCF6-74E4721D9420}.Debug|Any CPU.ActiveCfg = Debug|Any CPU
		{D2941638-A620-4B00-BCF6-74E4721D9420}.Debug|Any CPU.Build.0 = Debug|Any CPU
		{D2941638-A620-4B00-BCF6-74E4721D9420}.Release|Any CPU.ActiveCfg = Release|Any CPU
		{D2941638-A620-4B00-BCF6-74E4721D9420}.Release|Any CPU.Build.0 = Release|Any CPU
	EndGlobalSection
	GlobalSection(SolutionProperties) = preSolution
		HideSolutionNode = FALSE
	EndGlobalSection
	GlobalSection(ExtensibilityGlobals) = postSolution
		SolutionGuid = {587473FF-8005-4D90-9DAC-4C2C82618FA1}
	EndGlobalSection
EndGlobal
